
Microsoft Visual Studio Solution File, Format Version 12.00
# Visual Studio Version 16
VisualStudioVersion = 16.0.31321.278
MinimumVisualStudioVersion = 10.0.40219.1
Project("{FAE04EC0-301F-11D3-BF4B-00C04F79EFBC}") = "FastbootEnhance", "FastbootEnhance.csproj", "{7CB79897-F766-40AA-AEC8-F8A5C7B9E26E}"
EndProject
Global
	GlobalSection(SolutionConfigurationPlatforms) = preSolution
		Debug|Any CPU = Debug|Any CPU
		Release|Any CPU = Release|Any CPU
	EndGlobalSection
	GlobalSection(ProjectConfigurationPlatforms) = postSolution
		{7CB79897-F766-40AA-AEC8-F8A5C7B9E26E}.Debug|Any CPU.ActiveCfg = Debug|Any CPU
		{7CB79897-F766-40AA-AEC8-F8A5C7B9E26E}.Debug|Any CPU.Build.0 = Debug|Any CPU
		{7CB79897-F766-40AA-AEC8-F8A5C7B9E26E}.Release|Any CPU.ActiveCfg = Release|Any CPU
		{7CB79897-F766-40AA-AEC8-F8A5C7B9E26E}.Release|Any CPU.Build.0 = Release|Any CPU
	EndGlobalSection
	GlobalSection(SolutionProperties) = preSolution
		HideSolutionNode = FALSE
	EndGlobalSection
	GlobalSection(ExtensibilityGlobals) = postSolution
		SolutionGuid = {499BD847-56D1-471A-86CB-B4AC51082D20}
	EndGlobalSection
EndGlobal
